// !$*UTF8*$!
{
	archiveVersion = 1;
	classes = {
	};
	objectVersion = 77;
	objects = {

/* Begin PBXBuildFile section */
		4B63BAD82D80AB2900FB53D1 /* PhoneNumberKit in Frameworks */ = {isa = PBXBuildFile; productRef = 4B63BAD72D80AB2900FB53D1 /* PhoneNumberKit */; };
/* End PBXBuildFile section */

/* Begin PBXContainerItemProxy section */
		4B1363B82D4CC44E000B21B0 /* PBXContainerItemProxy */ = {
			isa = PBXContainerItemProxy;
			containerPortal = 4B13639D2D4CC44E000B21B0 /* Project object */;
			proxyType = 1;
			remoteGlobalIDString = 4B1363A42D4CC44E000B21B0;
			remoteInfo = ReMeet;
		};
		4B1363C22D4CC44E000B21B0 /* PBXContainerItemProxy */ = {
			isa = PBXContainerItemProxy;
			containerPortal = 4B13639D2D4CC44E000B21B0 /* Project object */;
			proxyType = 1;
			remoteGlobalIDString = 4B1363A42D4CC44E000B21B0;
			remoteInfo = ReMeet;
		};
/* End PBXContainerItemProxy section */

/* Begin PBXFileReference section */
		4B1363A52D4CC44E000B21B0 /* ReMeet.app */ = {isa = PBXFileReference; explicitFileType = wrapper.application; includeInIndex = 0; path = ReMeet.app; sourceTree = BUILT_PRODUCTS_DIR; };
		4B1363B72D4CC44E000B21B0 /* ReMeetTests.xctest */ = {isa = PBXFileReference; explicitFileType = wrapper.cfbundle; includeInIndex = 0; path = ReMeetTests.xctest; sourceTree = BUILT_PRODUCTS_DIR; };
		4B1363C12D4CC44E000B21B0 /* ReMeetUITests.xctest */ = {isa = PBXFileReference; explicitFileType = wrapper.cfbundle; includeInIndex = 0; path = ReMeetUITests.xctest; sourceTree = BUILT_PRODUCTS_DIR; };
/* End PBXFileReference section */

/* Begin PBXFileSystemSynchronizedRootGroup section */
		4B1363A72D4CC44E000B21B0 /* ReMeet */ = {
			isa = PBXFileSystemSynchronizedRootGroup;
			path = ReMeet;
			sourceTree = "<group>";
		};
		4B1363BA2D4CC44E000B21B0 /* ReMeetTests */ = {
			isa = PBXFileSystemSynchronizedRootGroup;
			path = ReMeetTests;
			sourceTree = "<group>";
		};
		4B1363C42D4CC44E000B21B0 /* ReMeetUITests */ = {
			isa = PBXFileSystemSynchronizedRootGroup;
			path = ReMeetUITests;
			sourceTree = "<group>";
		};
/* End PBXFileSystemSynchronizedRootGroup section */

/* Begin PBXFrameworksBuildPhase section */
		4B1363A22D4CC44E000B21B0 /* Frameworks */ = {
			isa = PBXFrameworksBuildPhase;
			buildActionMask = 2147483647;
			files = (
				4B63BAD82D80AB2900FB53D1 /* PhoneNumberKit in Frameworks */,
			);
			runOnlyForDeploymentPostprocessing = 0;
		};
		4B1363B42D4CC44E000B21B0 /* Frameworks */ = {
			isa = PBXFrameworksBuildPhase;
			buildActionMask = 2147483647;
			files = (
			);
			runOnlyForDeploymentPostprocessing = 0;
		};
		4B1363BE2D4CC44E000B21B0 /* Frameworks */ = {
			isa = PBXFrameworksBuildPhase;
			buildActionMask = 2147483647;
			files = (
			);
			runOnlyForDeploymentPostprocessing = 0;
		};
/* End PBXFrameworksBuildPhase section */

/* Begin PBXGroup section */
		4B13639C2D4CC44E000B21B0 = {
			isa = PBXGroup;
			children = (
				4B1363A72D4CC44E000B21B0 /* ReMeet */,
				4B1363BA2D4CC44E000B21B0 /* ReMeetTests */,
				4B1363C42D4CC44E000B21B0 /* ReMeetUITests */,
				4B1363A62D4CC44E000B21B0 /* Products */,
			);
			sourceTree = "<group>";
		};
		4B1363A62D4CC44E000B21B0 /* Products */ = {
			isa = PBXGroup;
			children = (
				4B1363A52D4CC44E000B21B0 /* ReMeet.app */,
				4B1363B72D4CC44E000B21B0 /* ReMeetTests.xctest */,
				4B1363C12D4CC44E000B21B0 /* ReMeetUITests.xctest */,
			);
			name = Products;
			sourceTree = "<group>";
		};
/* End PBXGroup section */

/* Begin PBXNativeTarget section */
		4B1363A42D4CC44E000B21B0 /* ReMeet */ = {
			isa = PBXNativeTarget;
			buildConfigurationList = 4B1363CB2D4CC44E000B21B0 /* Build configuration list for PBXNativeTarget "ReMeet" */;
			buildPhases = (
				4B1363A12D4CC44E000B21B0 /* Sources */,
				4B1363A22D4CC44E000B21B0 /* Frameworks */,
				4B1363A32D4CC44E000B21B0 /* Resources */,
			);
			buildRules = (
			);
			dependencies = (
			);
			fileSystemSynchronizedGroups = (
				4B1363A72D4CC44E000B21B0 /* ReMeet */,
			);
			name = ReMeet;
			packageProductDependencies = (
				4B63BAD72D80AB2900FB53D1 /* PhoneNumberKit */,
			);
			productName = ReMeet;
			productReference = 4B1363A52D4CC44E000B21B0 /* ReMeet.app */;
			productType = "com.apple.product-type.application";
		};
		4B1363B62D4CC44E000B21B0 /* ReMeetTests */ = {
			isa = PBXNativeTarget;
			buildConfigurationList = 4B1363CE2D4CC44E000B21B0 /* Build configuration list for PBXNativeTarget "ReMeetTests" */;
			buildPhases = (
				4B1363B32D4CC44E000B21B0 /* Sources */,
				4B1363B42D4CC44E000B21B0 /* Frameworks */,
				4B1363B52D4CC44E000B21B0 /* Resources */,
			);
			buildRules = (
			);
			dependencies = (
				4B1363B92D4CC44E000B21B0 /* PBXTargetDependency */,
			);
			fileSystemSynchronizedGroups = (
				4B1363BA2D4CC44E000B21B0 /* ReMeetTests */,
			);
			name = ReMeetTests;
			packageProductDependencies = (
			);
			productName = ReMeetTests;
			productReference = 4B1363B72D4CC44E000B21B0 /* ReMeetTests.xctest */;
			productType = "com.apple.product-type.bundle.unit-test";
		};
		4B1363C02D4CC44E000B21B0 /* ReMeetUITests */ = {
			isa = PBXNativeTarget;
			buildConfigurationList = 4B1363D12D4CC44E000B21B0 /* Build configuration list for PBXNativeTarget "ReMeetUITests" */;
			buildPhases = (
				4B1363BD2D4CC44E000B21B0 /* Sources */,
				4B1363BE2D4CC44E000B21B0 /* Frameworks */,
				4B1363BF2D4CC44E000B21B0 /* Resources */,
			);
			buildRules = (
			);
			dependencies = (
				4B1363C32D4CC44E000B21B0 /* PBXTargetDependency */,
			);
			fileSystemSynchronizedGroups = (
				4B1363C42D4CC44E000B21B0 /* ReMeetUITests */,
			);
			name = ReMeetUITests;
			packageProductDependencies = (
			);
			productName = ReMeetUITests;
			productReference = 4B1363C12D4CC44E000B21B0 /* ReMeetUITests.xctest */;
			productType = "com.apple.product-type.bundle.ui-testing";
		};
/* End PBXNativeTarget section */

/* Begin PBXProject section */
		4B13639D2D4CC44E000B21B0 /* Project object */ = {
			isa = PBXProject;
			attributes = {
				BuildIndependentTargetsInParallel = 1;
				LastSwiftUpdateCheck = 1620;
				LastUpgradeCheck = 1620;
				TargetAttributes = {
					4B1363A42D4CC44E000B21B0 = {
						CreatedOnToolsVersion = 16.2;
					};
					4B1363B62D4CC44E000B21B0 = {
						CreatedOnToolsVersion = 16.2;
						TestTargetID = 4B1363A42D4CC44E000B21B0;
					};
					4B1363C02D4CC44E000B21B0 = {
						CreatedOnToolsVersion = 16.2;
						TestTargetID = 4B1363A42D4CC44E000B21B0;
					};
				};
			};
			buildConfigurationList = 4B1363A02D4CC44E000B21B0 /* Build configuration list for PBXProject "ReMeet" */;
			developmentRegion = en;
			hasScannedForEncodings = 0;
			knownRegions = (
				en,
				Base,
			);
			mainGroup = 4B13639C2D4CC44E000B21B0;
			minimizedProjectReferenceProxies = 1;
			packageReferences = (
				4B63BAD62D80AB2900FB53D1 /* XCRemoteSwiftPackageReference "PhoneNumberKit" */,
			);
			preferredProjectObjectVersion = 77;
			productRefGroup = 4B1363A62D4CC44E000B21B0 /* Products */;
			projectDirPath = "";
			projectRoot = "";
			targets = (
				4B1363A42D4CC44E000B21B0 /* ReMeet */,
				4B1363B62D4CC44E000B21B0 /* ReMeetTests */,
				4B1363C02D4CC44E000B21B0 /* ReMeetUITests */,
			);
		};
/* End PBXProject section */

/* Begin PBXResourcesBuildPhase section */
		4B1363A32D4CC44E000B21B0 /* Resources */ = {
			isa = PBXResourcesBuildPhase;
			buildActionMask = 2147483647;
			files = (
			);
			runOnlyForDeploymentPostprocessing = 0;
		};
		4B1363B52D4CC44E000B21B0 /* Resources */ = {
			isa = PBXResourcesBuildPhase;
			buildActionMask = 2147483647;
			files = (
			);
			runOnlyForDeploymentPostprocessing = 0;
		};
		4B1363BF2D4CC44E000B21B0 /* Resources */ = {
			isa = PBXResourcesBuildPhase;
			buildActionMask = 2147483647;
			files = (
			);
			runOnlyForDeploymentPostprocessing = 0;
		};
/* End PBXResourcesBuildPhase section */

/* Begin PBXSourcesBuildPhase section */
		4B1363A12D4CC44E000B21B0 /* Sources */ = {
			isa = PBXSourcesBuildPhase;
			buildActionMask = 2147483647;
			files = (
			);
			runOnlyForDeploymentPostprocessing = 0;
		};
		4B1363B32D4CC44E000B21B0 /* Sources */ = {
			isa = PBXSourcesBuildPhase;
			buildActionMask = 2147483647;
			files = (
			);
			runOnlyForDeploymentPostprocessing = 0;
		};
		4B1363BD2D4CC44E000B21B0 /* Sources */ = {
			isa = PBXSourcesBuildPhase;
			buildActionMask = 2147483647;
			files = (
			);
			runOnlyForDeploymentPostprocessing = 0;
		};
/* End PBXSourcesBuildPhase section */

/* Begin PBXTargetDependency section */
		4B1363B92D4CC44E000B21B0 /* PBXTargetDependency */ = {
			isa = PBXTargetDependency;
			target = 4B1363A42D4CC44E000B21B0 /* ReMeet */;
			targetProxy = 4B1363B82D4CC44E000B21B0 /* PBXContainerItemProxy */;
		};
		4B1363C32D4CC44E000B21B0 /* PBXTargetDependency */ = {
			isa = PBXTargetDependency;
			target = 4B1363A42D4CC44E000B21B0 /* ReMeet */;
			targetProxy = 4B1363C22D4CC44E000B21B0 /* PBXContainerItemProxy */;
		};
/* End PBXTargetDependency section */

/* Begin XCBuildConfiguration section */
		4B1363C92D4CC44E000B21B0 /* Debug */ = {
			isa = XCBuildConfiguration;
			buildSettings = {
				ALWAYS_SEARCH_USER_PATHS = NO;
				ASSETCATALOG_COMPILER_GENERATE_SWIFT_ASSET_SYMBOL_EXTENSIONS = YES;
				CLANG_ANALYZER_NONNULL = YES;
				CLANG_ANALYZER_NUMBER_OBJECT_CONVERSION = YES_AGGRESSIVE;
				CLANG_CXX_LANGUAGE_STANDARD = "gnu++20";
				CLANG_ENABLE_MODULES = YES;
				CLANG_ENABLE_OBJC_ARC = YES;
				CLANG_ENABLE_OBJC_WEAK = YES;
				CLANG_WARN_BLOCK_CAPTURE_AUTORELEASING = YES;
				CLANG_WARN_BOOL_CONVERSION = YES;
				CLANG_WARN_COMMA = YES;
				CLANG_WARN_CONSTANT_CONVERSION = YES;
				CLANG_WARN_DEPRECATED_OBJC_IMPLEMENTATIONS = YES;
				CLANG_WARN_DIRECT_OBJC_ISA_USAGE = YES_ERROR;
				CLANG_WARN_DOCUMENTATION_COMMENTS = YES;
				CLANG_WARN_EMPTY_BODY = YES;
				CLANG_WARN_ENUM_CONVERSION = YES;
				CLANG_WARN_INFINITE_RECURSION = YES;
				CLANG_WARN_INT_CONVERSION = YES;
				CLANG_WARN_NON_LITERAL_NULL_CONVERSION = YES;
				CLANG_WARN_OBJC_IMPLICIT_RETAIN_SELF = YES;
				CLANG_WARN_OBJC_LITERAL_CONVERSION = YES;
				CLANG_WARN_OBJC_ROOT_CLASS = YES_ERROR;
				CLANG_WARN_QUOTED_INCLUDE_IN_FRAMEWORK_HEADER = YES;
				CLANG_WARN_RANGE_LOOP_ANALYSIS = YES;
				CLANG_WARN_STRICT_PROTOTYPES = YES;
				CLANG_WARN_SUSPICIOUS_MOVE = YES;
				CLANG_WARN_UNGUARDED_AVAILABILITY = YES_AGGRESSIVE;
				CLANG_WARN_UNREACHABLE_CODE = YES;
				CLANG_WARN__DUPLICATE_METHOD_MATCH = YES;
				COPY_PHASE_STRIP = NO;
				DEBUG_INFORMATION_FORMAT = dwarf;
				ENABLE_STRICT_OBJC_MSGSEND = YES;
				ENABLE_TESTABILITY = YES;
				ENABLE_USER_SCRIPT_SANDBOXING = YES;
				GCC_C_LANGUAGE_STANDARD = gnu17;
				GCC_DYNAMIC_NO_PIC = NO;
				GCC_NO_COMMON_BLOCKS = YES;
				GCC_OPTIMIZATION_LEVEL = 0;
				GCC_PREPROCESSOR_DEFINITIONS = (
					"DEBUG=1",
					"$(inherited)",
				);
				GCC_WARN_64_TO_32_BIT_CONVERSION = YES;
				GCC_WARN_ABOUT_RETURN_TYPE = YES_ERROR;
				GCC_WARN_UNDECLARED_SELECTOR = YES;
				GCC_WARN_UNINITIALIZED_AUTOS = YES_AGGRESSIVE;
				GCC_WARN_UNUSED_FUNCTION = YES;
				GCC_WARN_UNUSED_VARIABLE = YES;
				IPHONEOS_DEPLOYMENT_TARGET = 18.2;
				LOCALIZATION_PREFERS_STRING_CATALOGS = YES;
				MTL_ENABLE_DEBUG_INFO = INCLUDE_SOURCE;
				MTL_FAST_MATH = YES;
				ONLY_ACTIVE_ARCH = YES;
				SDKROOT = iphoneos;
				SWIFT_ACTIVE_COMPILATION_CONDITIONS = "DEBUG $(inherited)";
				SWIFT_OPTIMIZATION_LEVEL = "-Onone";
			};
			name = Debug;
		};
		4B1363CA2D4CC44E000B21B0 /* Release */ = {
			isa = XCBuildConfiguration;
			buildSettings = {
				ALWAYS_SEARCH_USER_PATHS = NO;
				ASSETCATALOG_COMPILER_GENERATE_SWIFT_ASSET_SYMBOL_EXTENSIONS = YES;
				CLANG_ANALYZER_NONNULL = YES;
				CLANG_ANALYZER_NUMBER_OBJECT_CONVERSION = YES_AGGRESSIVE;
				CLANG_CXX_LANGUAGE_STANDARD = "gnu++20";
				CLANG_ENABLE_MODULES = YES;
				CLANG_ENABLE_OBJC_ARC = YES;
				CLANG_ENABLE_OBJC_WEAK = YES;
				CLANG_WARN_BLOCK_CAPTURE_AUTORELEASING = YES;
				CLANG_WARN_BOOL_CONVERSION = YES;
				CLANG_WARN_COMMA = YES;
				CLANG_WARN_CONSTANT_CONVERSION = YES;
				CLANG_WARN_DEPRECATED_OBJC_IMPLEMENTATIONS = YES;
				CLANG_WARN_DIRECT_OBJC_ISA_USAGE = YES_ERROR;
				CLANG_WARN_DOCUMENTATION_COMMENTS = YES;
				CLANG_WARN_EMPTY_BODY = YES;
				CLANG_WARN_ENUM_CONVERSION = YES;
				CLANG_WARN_INFINITE_RECURSION = YES;
				CLANG_WARN_INT_CONVERSION = YES;
				CLANG_WARN_NON_LITERAL_NULL_CONVERSION = YES;
				CLANG_WARN_OBJC_IMPLICIT_RETAIN_SELF = YES;
				CLANG_WARN_OBJC_LITERAL_CONVERSION = YES;
				CLANG_WARN_OBJC_ROOT_CLASS = YES_ERROR;
				CLANG_WARN_QUOTED_INCLUDE_IN_FRAMEWORK_HEADER = YES;
				CLANG_WARN_RANGE_LOOP_ANALYSIS = YES;
				CLANG_WARN_STRICT_PROTOTYPES = YES;
				CLANG_WARN_SUSPICIOUS_MOVE = YES;
				CLANG_WARN_UNGUARDED_AVAILABILITY = YES_AGGRESSIVE;
				CLANG_WARN_UNREACHABLE_CODE = YES;
				CLANG_WARN__DUPLICATE_METHOD_MATCH = YES;
				COPY_PHASE_STRIP = NO;
				DEBUG_INFORMATION_FORMAT = "dwarf-with-dsym";
				ENABLE_NS_ASSERTIONS = NO;
				ENABLE_STRICT_OBJC_MSGSEND = YES;
				ENABLE_USER_SCRIPT_SANDBOXING = YES;
				GCC_C_LANGUAGE_STANDARD = gnu17;
				GCC_NO_COMMON_BLOCKS = YES;
				GCC_WARN_64_TO_32_BIT_CONVERSION = YES;
				GCC_WARN_ABOUT_RETURN_TYPE = YES_ERROR;
				GCC_WARN_UNDECLARED_SELECTOR = YES;
				GCC_WARN_UNINITIALIZED_AUTOS = YES_AGGRESSIVE;
				GCC_WARN_UNUSED_FUNCTION = YES;
				GCC_WARN_UNUSED_VARIABLE = YES;
				IPHONEOS_DEPLOYMENT_TARGET = 18.2;
				LOCALIZATION_PREFERS_STRING_CATALOGS = YES;
				MTL_ENABLE_DEBUG_INFO = NO;
				MTL_FAST_MATH = YES;
				SDKROOT = iphoneos;
				SWIFT_COMPILATION_MODE = wholemodule;
				VALIDATE_PRODUCT = YES;
			};
			name = Release;
		};
		4B1363CC2D4CC44E000B21B0 /* Debug */ = {
			isa = XCBuildConfiguration;
			buildSettings = {
				ASSETCATALOG_COMPILER_APPICON_NAME = AppIcon;
				ASSETCATALOG_COMPILER_GLOBAL_ACCENT_COLOR_NAME = AccentColor;
				CODE_SIGN_STYLE = Automatic;
				CURRENT_PROJECT_VERSION = 1;
				DEVELOPMENT_ASSET_PATHS = "\"ReMeet/Preview Content\"";
				ENABLE_PREVIEWS = YES;
				GENERATE_INFOPLIST_FILE = YES;
				INFOPLIST_KEY_UIApplicationSceneManifest_Generation = YES;
				INFOPLIST_KEY_UIApplicationSupportsIndirectInputEvents = YES;
				INFOPLIST_KEY_UILaunchScreen_Generation = YES;
				INFOPLIST_KEY_UISupportedInterfaceOrientations_iPad = "UIInterfaceOrientationPortrait UIInterfaceOrientationPortraitUpsideDown UIInterfaceOrientationLandscapeLeft UIInterfaceOrientationLandscapeRight";
				INFOPLIST_KEY_UISupportedInterfaceOrientations_iPhone = "UIInterfaceOrientationPortrait UIInterfaceOrientationLandscapeLeft UIInterfaceOrientationLandscapeRight";
				LD_RUNPATH_SEARCH_PATHS = (
					"$(inherited)",
					"@executable_path/Frameworks",
				);
				MARKETING_VERSION = 1.0;
				PRODUCT_BUNDLE_IDENTIFIER = Artushway.ReMeet;
				PRODUCT_NAME = "$(TARGET_NAME)";
				SWIFT_EMIT_LOC_STRINGS = YES;
				SWIFT_VERSION = 5.0;
				TARGETED_DEVICE_FAMILY = "1,2";
			};
			name = Debug;
		};
		4B1363CD2D4CC44E000B21B0 /* Release */ = {
			isa = XCBuildConfiguration;
			buildSettings = {
				ASSETCATALOG_COMPILER_APPICON_NAME = AppIcon;
				ASSETCATALOG_COMPILER_GLOBAL_ACCENT_COLOR_NAME = AccentColor;
				CODE_SIGN_STYLE = Automatic;
				CURRENT_PROJECT_VERSION = 1;
				DEVELOPMENT_ASSET_PATHS = "\"ReMeet/Preview Content\"";
				ENABLE_PREVIEWS = YES;
				GENERATE_INFOPLIST_FILE = YES;
				INFOPLIST_KEY_UIApplicationSceneManifest_Generation = YES;
				INFOPLIST_KEY_UIApplicationSupportsIndirectInputEvents = YES;
				INFOPLIST_KEY_UILaunchScreen_Generation = YES;
				INFOPLIST_KEY_UISupportedInterfaceOrientations_iPad = "UIInterfaceOrientationPortrait UIInterfaceOrientationPortraitUpsideDown UIInterfaceOrientationLandscapeLeft UIInterfaceOrientationLandscapeRight";
				INFOPLIST_KEY_UISupportedInterfaceOrientations_iPhone = "UIInterfaceOrientationPortrait UIInterfaceOrientationLandscapeLeft UIInterfaceOrientationLandscapeRight";
				LD_RUNPATH_SEARCH_PATHS = (
					"$(inherited)",
					"@executable_path/Frameworks",
				);
				MARKETING_VERSION = 1.0;
				PRODUCT_BUNDLE_IDENTIFIER = Artushway.ReMeet;
				PRODUCT_NAME = "$(TARGET_NAME)";
				SWIFT_EMIT_LOC_STRINGS = YES;
				SWIFT_VERSION = 5.0;
				TARGETED_DEVICE_FAMILY = "1,2";
			};
			name = Release;
		};
		4B1363CF2D4CC44E000B21B0 /* Debug */ = {
			isa = XCBuildConfiguration;
			buildSettings = {
				BUNDLE_LOADER = "$(TEST_HOST)";
				CODE_SIGN_STYLE = Automatic;
				CURRENT_PROJECT_VERSION = 1;
				GENERATE_INFOPLIST_FILE = YES;
				IPHONEOS_DEPLOYMENT_TARGET = 18.2;
				MARKETING_VERSION = 1.0;
				PRODUCT_BUNDLE_IDENTIFIER = Artushway.ReMeetTests;
				PRODUCT_NAME = "$(TARGET_NAME)";
				SWIFT_EMIT_LOC_STRINGS = NO;
				SWIFT_VERSION = 5.0;
				TARGETED_DEVICE_FAMILY = "1,2";
				TEST_HOST = "$(BUILT_PRODUCTS_DIR)/ReMeet.app/$(BUNDLE_EXECUTABLE_FOLDER_PATH)/ReMeet";
			};
			name = Debug;
		};
		4B1363D02D4CC44E000B21B0 /* Release */ = {
			isa = XCBuildConfiguration;
			buildSettings = {
				BUNDLE_LOADER = "$(TEST_HOST)";
				CODE_SIGN_STYLE = Automatic;
				CURRENT_PROJECT_VERSION = 1;
				GENERATE_INFOPLIST_FILE = YES;
				IPHONEOS_DEPLOYMENT_TARGET = 18.2;
				MARKETING_VERSION = 1.0;
				PRODUCT_BUNDLE_IDENTIFIER = Artushway.ReMeetTests;
				PRODUCT_NAME = "$(TARGET_NAME)";
				SWIFT_EMIT_LOC_STRINGS = NO;
				SWIFT_VERSION = 5.0;
				TARGETED_DEVICE_FAMILY = "1,2";
				TEST_HOST = "$(BUILT_PRODUCTS_DIR)/ReMeet.app/$(BUNDLE_EXECUTABLE_FOLDER_PATH)/ReMeet";
			};
			name = Release;
		};
		4B1363D22D4CC44E000B21B0 /* Debug */ = {
			isa = XCBuildConfiguration;
			buildSettings = {
				CODE_SIGN_STYLE = Automatic;
				CURRENT_PROJECT_VERSION = 1;
				GENERATE_INFOPLIST_FILE = YES;
				MARKETING_VERSION = 1.0;
				PRODUCT_BUNDLE_IDENTIFIER = Artushway.ReMeetUITests;
				PRODUCT_NAME = "$(TARGET_NAME)";
				SWIFT_EMIT_LOC_STRINGS = NO;
				SWIFT_VERSION = 5.0;
				TARGETED_DEVICE_FAMILY = "1,2";
				TEST_TARGET_NAME = ReMeet;
			};
			name = Debug;
		};
		4B1363D32D4CC44E000B21B0 /* Release */ = {
			isa = XCBuildConfiguration;
			buildSettings = {
				CODE_SIGN_STYLE = Automatic;
				CURRENT_PROJECT_VERSION = 1;
				GENERATE_INFOPLIST_FILE = YES;
				MARKETING_VERSION = 1.0;
				PRODUCT_BUNDLE_IDENTIFIER = Artushway.ReMeetUITests;
				PRODUCT_NAME = "$(TARGET_NAME)";
				SWIFT_EMIT_LOC_STRINGS = NO;
				SWIFT_VERSION = 5.0;
				TARGETED_DEVICE_FAMILY = "1,2";
				TEST_TARGET_NAME = ReMeet;
			};
			name = Release;
		};
/* End XCBuildConfiguration section */

/* Begin XCConfigurationList section */
		4B1363A02D4CC44E000B21B0 /* Build configuration list for PBXProject "ReMeet" */ = {
			isa = XCConfigurationList;
			buildConfigurations = (
				4B1363C92D4CC44E000B21B0 /* Debug */,
				4B1363CA2D4CC44E000B21B0 /* Release */,
			);
			defaultConfigurationIsVisible = 0;
			defaultConfigurationName = Release;
		};
		4B1363CB2D4CC44E000B21B0 /* Build configuration list for PBXNativeTarget "ReMeet" */ = {
			isa = XCConfigurationList;
			buildConfigurations = (
				4B1363CC2D4CC44E000B21B0 /* Debug */,
				4B1363CD2D4CC44E000B21B0 /* Release */,
			);
			defaultConfigurationIsVisible = 0;
			defaultConfigurationName = Release;
		};
		4B1363CE2D4CC44E000B21B0 /* Build configuration list for PBXNativeTarget "ReMeetTests" */ = {
			isa = XCConfigurationList;
			buildConfigurations = (
				4B1363CF2D4CC44E000B21B0 /* Debug */,
				4B1363D02D4CC44E000B21B0 /* Release */,
			);
			defaultConfigurationIsVisible = 0;
			defaultConfigurationName = Release;
		};
		4B1363D12D4CC44E000B21B0 /* Build configuration list for PBXNativeTarget "ReMeetUITests" */ = {
			isa = XCConfigurationList;
			buildConfigurations = (
				4B1363D22D4CC44E000B21B0 /* Debug */,
				4B1363D32D4CC44E000B21B0 /* Release */,
			);
			defaultConfigurationIsVisible = 0;
			defaultConfigurationName = Release;
		};
/* End XCConfigurationList section */

/* Begin XCRemoteSwiftPackageReference section */
		4B63BAD62D80AB2900FB53D1 /* XCRemoteSwiftPackageReference "PhoneNumberKit" */ = {
			isa = XCRemoteSwiftPackageReference;
			repositoryURL = "https://github.com/marmelroy/PhoneNumberKit";
			requirement = {
				kind = upToNextMajorVersion;
				minimumVersion = 4.0.2;
			};
		};
/* End XCRemoteSwiftPackageReference section */

/* Begin XCSwiftPackageProductDependency section */
		4B63BAD72D80AB2900FB53D1 /* PhoneNumberKit */ = {
			isa = XCSwiftPackageProductDependency;
			package = 4B63BAD62D80AB2900FB53D1 /* XCRemoteSwiftPackageReference "PhoneNumberKit" */;
			productName = PhoneNumberKit;
		};
/* End XCSwiftPackageProductDependency section */
	};
	rootObject = 4B13639D2D4CC44E000B21B0 /* Project object */;
}
